
Microsoft Visual Studio Solution File, Format Version 12.00
# Visual Studio Version 17
VisualStudioVersion = 17.7.34031.279
MinimumVisualStudioVersion = 10.0.40219.1
Project("{FAE04EC0-301F-11D3-BF4B-00C04F79EFBC}") = "5T24_PonchautNicolas_DemineurC#", "5T24_PonchautNicolas_DemineurC#.csproj", "{C551A3C1-FAF0-40F9-A086-BC139F262658}"
EndProject
Global
	GlobalSection(SolutionConfigurationPlatforms) = preSolution
		Debug|Any CPU = Debug|Any CPU
		Release|Any CPU = Release|Any CPU
	EndGlobalSection
	GlobalSection(ProjectConfigurationPlatforms) = postSolution
		{C551A3C1-FAF0-40F9-A086-BC139F262658}.Debug|Any CPU.ActiveCfg = Debug|Any CPU
		{C551A3C1-FAF0-40F9-A086-BC139F262658}.Debug|Any CPU.Build.0 = Debug|Any CPU
		{C551A3C1-FAF0-40F9-A086-BC139F262658}.Release|Any CPU.ActiveCfg = Release|Any CPU
		{C551A3C1-FAF0-40F9-A086-BC139F262658}.Release|Any CPU.Build.0 = Release|Any CPU
	EndGlobalSection
	GlobalSection(SolutionProperties) = preSolution
		HideSolutionNode = FALSE
	EndGlobalSection
	GlobalSection(ExtensibilityGlobals) = postSolution
		SolutionGuid = {CE544B31-F71B-469D-A3A3-6E0E3BE6F05C}
	EndGlobalSection
EndGlobal
